
Microsoft Visual Studio Solution File, Format Version 12.00
# Visual Studio Version 17
VisualStudioVersion = 17.1.32319.34
MinimumVisualStudioVersion = 10.0.40219.1
Project("{FAE04EC0-301F-11D3-BF4B-00C04F79EFBC}") = "APBD_Task6", "APBD_Task6\APBD_Task6.csproj", "{5DC84214-A39F-4CA2-8458-BE1C3FDA45B7}"
EndProject
Global
	GlobalSection(SolutionConfigurationPlatforms) = preSolution
		Debug|Any CPU = Debug|Any CPU
		Release|Any CPU = Release|Any CPU
	EndGlobalSection
	GlobalSection(ProjectConfigurationPlatforms) = postSolution
		{5DC84214-A39F-4CA2-8458-BE1C3FDA45B7}.Debug|Any CPU.ActiveCfg = Debug|Any CPU
		{5DC84214-A39F-4CA2-8458-BE1C3FDA45B7}.Debug|Any CPU.Build.0 = Debug|Any CPU
		{5DC84214-A39F-4CA2-8458-BE1C3FDA45B7}.Release|Any CPU.ActiveCfg = Release|Any CPU
		{5DC84214-A39F-4CA2-8458-BE1C3FDA45B7}.Release|Any CPU.Build.0 = Release|Any CPU
	EndGlobalSection
	GlobalSection(SolutionProperties) = preSolution
		HideSolutionNode = FALSE
	EndGlobalSection
	GlobalSection(ExtensibilityGlobals) = postSolution
		SolutionGuid = {DFCEB677-7F7B-443B-AE1B-D9F18279F31C}
	EndGlobalSection
EndGlobal
